# THIS IS AN AUTOGENERATED FILE. DO NOT EDIT THIS FILE DIRECTLY.
# yarn lockfile v1


drip@1.1.x:
  version "1.1.0"
  resolved "https://registry.yarnpkg.com/drip/-/drip-1.1.0.tgz#ccefb1e686d86fc115b70c9ec126f8f871bdfd7e"
  integrity sha1-zO+x5obYb8EVtwyewSb4+HG9/X4=
  dependencies:
    tea-concat "0.1.0"

electron@0.4.x:
  version "0.4.1"
  resolved "https://registry.yarnpkg.com/electron/-/electron-0.4.1.tgz#a78a051a7882f4e542d6e207d8a1a73076b30144"
  integrity sha1-p4oFGniC9OVC1uIH2KGnMHazAUQ=
  dependencies:
    drip "1.1.x"

matcha@^0.7.0:
  version "0.7.0"
  resolved "https://registry.yarnpkg.com/matcha/-/matcha-0.7.0.tgz#13f805409b37be57032c8458643bf1523ba68dda"
  integrity sha1-E/gFQJs3vlcDLIRYZDvxUjumjdo=
  dependencies:
    electron "0.4.x"
    v8-argv "0.1.x"

ramda@^0.26.1:
  version "0.26.1"
  resolved "https://registry.yarnpkg.com/ramda/-/ramda-0.26.1.tgz#8d41351eb8111c55353617fc3bbffad8e4d35d06"
  integrity sha512-hLWjpy7EnsDBb0p+Z3B7rPi3GDeRG5ZtiI33kJhTt+ORCd38AbAIjB/9zRIUoeTbE/AVX5ZkU7m6bznsvrf8eQ==

tea-concat@0.1.0:
  version "0.1.0"
  resolved "https://registry.yarnpkg.com/tea-concat/-/tea-concat-0.1.0.tgz#ea2e907400fdd78a6334ce020fa3c69502d99e84"
  integrity sha1-6i6QdAD914pjNM4CD6PGlQLZnoQ=

v8-argv@0.1.x:
  version "0.1.0"
  resolved "https://registry.yarnpkg.com/v8-argv/-/v8-argv-0.1.0.tgz#adf777a52dbdc3da9c89c9465e59ed5f3cb6d9a9"
  integrity sha1-rfd3pS29w9qciclGXlntXzy22ak=
